{
  "nodes": {
    "gitlab-ci-local": {
      "flake": false,
      "locked": {
        "lastModified": 1702728132,
        "narHash": "sha256-8UeDwzeKBYefsqT6Dvj6KIIfU4ncpzWyoH0CANjPOek=",
        "owner": "firecow",
        "repo": "gitlab-ci-local",
        "rev": "eebf6fd91582e48e36f92aff3feeef8dce574071",
        "type": "github"
      },
      "original": {
        "owner": "firecow",
        "repo": "gitlab-ci-local",
        "type": "github"
      }
    },
    "nixpkgs": {
      "locked": {
        "lastModified": 1746394594,
        "narHash": "sha256-xRSOEDUB8IaGDUT15gLjizQnjRFwLfAnLtdLnAl8sLE=",
        "owner": "nixos",
        "repo": "nixpkgs",
        "rev": "af0a462e680fe54ec9ed613605bf79a4158e7966",
        "type": "github"
      },
      "original": {
        "owner": "nixos",
        "repo": "nixpkgs",
        "type": "github"
      }
    },
    "root": {
      "inputs": {
        "gitlab-ci-local": "gitlab-ci-local",
        "nixpkgs": "nixpkgs"
      }
    }
  },
  "root": "root",
  "version": 7
}
